
Microsoft Visual Studio Solution File, Format Version 12.00
# Visual Studio Version 16
VisualStudioVersion = 16.0.34031.81
MinimumVisualStudioVersion = 10.0.40219.1
Project("{8BC9CEB8-8B4A-11D0-8D11-00A0C91BC942}") = "Coding Exercise 9. Flyweight Coding Exercise", "Coding Exercise 9. Flyweight Coding Exercise.vcxproj", "{56608461-4BD8-49C9-BA56-B6B3BE880F85}"
EndProject
Global
	GlobalSection(SolutionConfigurationPlatforms) = preSolution
		Debug|x64 = Debug|x64
		Debug|x86 = Debug|x86
		Release|x64 = Release|x64
		Release|x86 = Release|x86
	EndGlobalSection
	GlobalSection(ProjectConfigurationPlatforms) = postSolution
		{56608461-4BD8-49C9-BA56-B6B3BE880F85}.Debug|x64.ActiveCfg = Debug|x64
		{56608461-4BD8-49C9-BA56-B6B3BE880F85}.Debug|x64.Build.0 = Debug|x64
		{56608461-4BD8-49C9-BA56-B6B3BE880F85}.Debug|x86.ActiveCfg = Debug|Win32
		{56608461-4BD8-49C9-BA56-B6B3BE880F85}.Debug|x86.Build.0 = Debug|Win32
		{56608461-4BD8-49C9-BA56-B6B3BE880F85}.Release|x64.ActiveCfg = Release|x64
		{56608461-4BD8-49C9-BA56-B6B3BE880F85}.Release|x64.Build.0 = Release|x64
		{56608461-4BD8-49C9-BA56-B6B3BE880F85}.Release|x86.ActiveCfg = Release|Win32
		{56608461-4BD8-49C9-BA56-B6B3BE880F85}.Release|x86.Build.0 = Release|Win32
	EndGlobalSection
	GlobalSection(SolutionProperties) = preSolution
		HideSolutionNode = FALSE
	EndGlobalSection
	GlobalSection(ExtensibilityGlobals) = postSolution
		SolutionGuid = {24E016AD-3BE7-452F-9F9F-14D33C8EDB7E}
	EndGlobalSection
EndGlobal
